
Microsoft Visual Studio Solution File, Format Version 12.00
# Visual Studio Version 17
VisualStudioVersion = 17.7.34221.43
MinimumVisualStudioVersion = 10.0.40219.1
Project("{FAE04EC0-301F-11D3-BF4B-00C04F79EFBC}") = "dom11(1)", "dom11(1)\dom11(1).csproj", "{58E8EFA5-EAC6-4384-9B66-7DF69BE112D0}"
EndProject
Global
	GlobalSection(SolutionConfigurationPlatforms) = preSolution
		Debug|Any CPU = Debug|Any CPU
		Release|Any CPU = Release|Any CPU
	EndGlobalSection
	GlobalSection(ProjectConfigurationPlatforms) = postSolution
		{58E8EFA5-EAC6-4384-9B66-7DF69BE112D0}.Debug|Any CPU.ActiveCfg = Debug|Any CPU
		{58E8EFA5-EAC6-4384-9B66-7DF69BE112D0}.Debug|Any CPU.Build.0 = Debug|Any CPU
		{58E8EFA5-EAC6-4384-9B66-7DF69BE112D0}.Release|Any CPU.ActiveCfg = Release|Any CPU
		{58E8EFA5-EAC6-4384-9B66-7DF69BE112D0}.Release|Any CPU.Build.0 = Release|Any CPU
	EndGlobalSection
	GlobalSection(SolutionProperties) = preSolution
		HideSolutionNode = FALSE
	EndGlobalSection
	GlobalSection(ExtensibilityGlobals) = postSolution
		SolutionGuid = {C6353E4A-FCCA-4AEC-B40C-39F70B7E737F}
	EndGlobalSection
EndGlobal
